
Microsoft Visual Studio Solution File, Format Version 12.00
# Visual Studio Version 16
VisualStudioVersion = 16.0.31727.386
MinimumVisualStudioVersion = 10.0.40219.1
Project("{8BC9CEB8-8B4A-11D0-8D11-00A0C91BC942}") = "Cours4", "Cours4\Cours4.vcxproj", "{39392292-5B68-4E9B-BE09-2B9128953420}"
EndProject
Global
	GlobalSection(SolutionConfigurationPlatforms) = preSolution
		Debug|x64 = Debug|x64
		Debug|x86 = Debug|x86
		Release|x64 = Release|x64
		Release|x86 = Release|x86
	EndGlobalSection
	GlobalSection(ProjectConfigurationPlatforms) = postSolution
		{39392292-5B68-4E9B-BE09-2B9128953420}.Debug|x64.ActiveCfg = Debug|x64
		{39392292-5B68-4E9B-BE09-2B9128953420}.Debug|x64.Build.0 = Debug|x64
		{39392292-5B68-4E9B-BE09-2B9128953420}.Debug|x86.ActiveCfg = Debug|Win32
		{39392292-5B68-4E9B-BE09-2B9128953420}.Debug|x86.Build.0 = Debug|Win32
		{39392292-5B68-4E9B-BE09-2B9128953420}.Release|x64.ActiveCfg = Release|x64
		{39392292-5B68-4E9B-BE09-2B9128953420}.Release|x64.Build.0 = Release|x64
		{39392292-5B68-4E9B-BE09-2B9128953420}.Release|x86.ActiveCfg = Release|Win32
		{39392292-5B68-4E9B-BE09-2B9128953420}.Release|x86.Build.0 = Release|Win32
	EndGlobalSection
	GlobalSection(SolutionProperties) = preSolution
		HideSolutionNode = FALSE
	EndGlobalSection
	GlobalSection(ExtensibilityGlobals) = postSolution
		SolutionGuid = {75655894-635F-47CF-B987-C50BECB4200F}
	EndGlobalSection
EndGlobal
